
Microsoft Visual Studio Solution File, Format Version 12.00
# Visual Studio Version 17
VisualStudioVersion = 17.8.34330.188
MinimumVisualStudioVersion = 10.0.40219.1
Project("{FAE04EC0-301F-11D3-BF4B-00C04F79EFBC}") = "CorrectBlocksNC.NET", "CorrectBlocksNC.NET\CorrectBlocksNC.NET.csproj", "{BA50A8DF-8C03-3499-EE39-A970A78614DE}"
EndProject
Project("{FAE04EC0-301F-11D3-BF4B-00C04F79EFBC}") = "CorrectBlocksNC", "CorrectBlocksNC\CorrectBlocksNC.csproj", "{045A02B6-25B6-4CB9-A82D-962632A33D83}"
EndProject
Project("{FAE04EC0-301F-11D3-BF4B-00C04F79EFBC}") = "CorrectBlocksAC_2018", "CorrectBlocksAC\CorrectBlocksAC_2018.csproj", "{6639C2D0-E869-47E6-892D-0ECB5D422549}"
EndProject
Project("{FAE04EC0-301F-11D3-BF4B-00C04F79EFBC}") = "CorrectBlocksAC_2024", "CorrectBlocksAC\CorrectBlocksAC_2024.csproj", "{7548E40F-A58F-47B6-AEF5-A8AAACE5C15D}"
EndProject
Project("{FAE04EC0-301F-11D3-BF4B-00C04F79EFBC}") = "ConsoleWPF.NET", "ConsoleWPF.NET\ConsoleWPF.NET.csproj", "{9B26CBA2-AF90-F7F9-8522-A0DE36291AD6}"
EndProject
Project("{FAE04EC0-301F-11D3-BF4B-00C04F79EFBC}") = "DemoBoundRadioButtons1", "DemoBoundRadioButtons1\DemoBoundRadioButtons1.csproj", "{446D6344-2CE1-4754-8F20-19224C787081}"
EndProject
Project("{2150E333-8FDC-42A3-9474-1A3956D46DE8}") = "CorrectBlocks.Engine", "CorrectBlocks.Engine", "{36D591C7-65C7-A0D1-1CBC-10CDE441BDC8}"
EndProject
Project("{2150E333-8FDC-42A3-9474-1A3956D46DE8}") = "Demo", "Demo", "{2BD45483-6E08-8D8D-8130-F11346EE9468}"
EndProject
Project("{2150E333-8FDC-42A3-9474-1A3956D46DE8}") = "WPF test", "WPF test", "{9267EC5F-E7DA-4570-B210-3BE892E2AF9B}"
EndProject
Project("{FAE04EC0-301F-11D3-BF4B-00C04F79EFBC}") = "drz.CorrectBlocks.Views", "drz.CorrectBlocks.Views\drz.CorrectBlocks.Views.csproj", "{71DB5DF9-D6CA-4D00-85D6-7F7BA953FC27}"
EndProject
Project("{FAE04EC0-301F-11D3-BF4B-00C04F79EFBC}") = "drz.CorrectBlocks.Core", "drz.CorrectBlocks.Core\drz.CorrectBlocks.Core.csproj", "{162398E7-DF88-45CE-AB93-52283FE02E59}"
EndProject
Global
	GlobalSection(SolutionConfigurationPlatforms) = preSolution
		Debug|Any CPU = Debug|Any CPU
		Release|Any CPU = Release|Any CPU
	EndGlobalSection
	GlobalSection(ProjectConfigurationPlatforms) = postSolution
		{BA50A8DF-8C03-3499-EE39-A970A78614DE}.Debug|Any CPU.ActiveCfg = Debug|Any CPU
		{BA50A8DF-8C03-3499-EE39-A970A78614DE}.Debug|Any CPU.Build.0 = Debug|Any CPU
		{BA50A8DF-8C03-3499-EE39-A970A78614DE}.Release|Any CPU.ActiveCfg = Release|Any CPU
		{BA50A8DF-8C03-3499-EE39-A970A78614DE}.Release|Any CPU.Build.0 = Release|Any CPU
		{045A02B6-25B6-4CB9-A82D-962632A33D83}.Debug|Any CPU.ActiveCfg = Debug|Any CPU
		{045A02B6-25B6-4CB9-A82D-962632A33D83}.Debug|Any CPU.Build.0 = Debug|Any CPU
		{045A02B6-25B6-4CB9-A82D-962632A33D83}.Release|Any CPU.ActiveCfg = Release|Any CPU
		{045A02B6-25B6-4CB9-A82D-962632A33D83}.Release|Any CPU.Build.0 = Release|Any CPU
		{6639C2D0-E869-47E6-892D-0ECB5D422549}.Debug|Any CPU.ActiveCfg = Debug|Any CPU
		{6639C2D0-E869-47E6-892D-0ECB5D422549}.Debug|Any CPU.Build.0 = Debug|Any CPU
		{6639C2D0-E869-47E6-892D-0ECB5D422549}.Release|Any CPU.ActiveCfg = Release|Any CPU
		{6639C2D0-E869-47E6-892D-0ECB5D422549}.Release|Any CPU.Build.0 = Release|Any CPU
		{7548E40F-A58F-47B6-AEF5-A8AAACE5C15D}.Debug|Any CPU.ActiveCfg = Debug|Any CPU
		{7548E40F-A58F-47B6-AEF5-A8AAACE5C15D}.Debug|Any CPU.Build.0 = Debug|Any CPU
		{7548E40F-A58F-47B6-AEF5-A8AAACE5C15D}.Release|Any CPU.ActiveCfg = Release|Any CPU
		{7548E40F-A58F-47B6-AEF5-A8AAACE5C15D}.Release|Any CPU.Build.0 = Release|Any CPU
		{9B26CBA2-AF90-F7F9-8522-A0DE36291AD6}.Debug|Any CPU.ActiveCfg = Debug|Any CPU
		{9B26CBA2-AF90-F7F9-8522-A0DE36291AD6}.Debug|Any CPU.Build.0 = Debug|Any CPU
		{9B26CBA2-AF90-F7F9-8522-A0DE36291AD6}.Release|Any CPU.ActiveCfg = Release|Any CPU
		{9B26CBA2-AF90-F7F9-8522-A0DE36291AD6}.Release|Any CPU.Build.0 = Release|Any CPU
		{446D6344-2CE1-4754-8F20-19224C787081}.Debug|Any CPU.ActiveCfg = Debug|Any CPU
		{446D6344-2CE1-4754-8F20-19224C787081}.Debug|Any CPU.Build.0 = Debug|Any CPU
		{446D6344-2CE1-4754-8F20-19224C787081}.Release|Any CPU.ActiveCfg = Release|Any CPU
		{446D6344-2CE1-4754-8F20-19224C787081}.Release|Any CPU.Build.0 = Release|Any CPU
		{71DB5DF9-D6CA-4D00-85D6-7F7BA953FC27}.Debug|Any CPU.ActiveCfg = Debug|Any CPU
		{71DB5DF9-D6CA-4D00-85D6-7F7BA953FC27}.Debug|Any CPU.Build.0 = Debug|Any CPU
		{71DB5DF9-D6CA-4D00-85D6-7F7BA953FC27}.Release|Any CPU.ActiveCfg = Release|Any CPU
		{71DB5DF9-D6CA-4D00-85D6-7F7BA953FC27}.Release|Any CPU.Build.0 = Release|Any CPU
		{162398E7-DF88-45CE-AB93-52283FE02E59}.Debug|Any CPU.ActiveCfg = Debug|Any CPU
		{162398E7-DF88-45CE-AB93-52283FE02E59}.Debug|Any CPU.Build.0 = Debug|Any CPU
		{162398E7-DF88-45CE-AB93-52283FE02E59}.Release|Any CPU.ActiveCfg = Release|Any CPU
		{162398E7-DF88-45CE-AB93-52283FE02E59}.Release|Any CPU.Build.0 = Release|Any CPU
	EndGlobalSection
	GlobalSection(SolutionProperties) = preSolution
		HideSolutionNode = FALSE
	EndGlobalSection
	GlobalSection(NestedProjects) = preSolution
		{BA50A8DF-8C03-3499-EE39-A970A78614DE} = {36D591C7-65C7-A0D1-1CBC-10CDE441BDC8}
		{045A02B6-25B6-4CB9-A82D-962632A33D83} = {36D591C7-65C7-A0D1-1CBC-10CDE441BDC8}
		{6639C2D0-E869-47E6-892D-0ECB5D422549} = {36D591C7-65C7-A0D1-1CBC-10CDE441BDC8}
		{7548E40F-A58F-47B6-AEF5-A8AAACE5C15D} = {36D591C7-65C7-A0D1-1CBC-10CDE441BDC8}
		{9B26CBA2-AF90-F7F9-8522-A0DE36291AD6} = {9267EC5F-E7DA-4570-B210-3BE892E2AF9B}
		{446D6344-2CE1-4754-8F20-19224C787081} = {2BD45483-6E08-8D8D-8130-F11346EE9468}
		{71DB5DF9-D6CA-4D00-85D6-7F7BA953FC27} = {9267EC5F-E7DA-4570-B210-3BE892E2AF9B}
		{162398E7-DF88-45CE-AB93-52283FE02E59} = {9267EC5F-E7DA-4570-B210-3BE892E2AF9B}
	EndGlobalSection
	GlobalSection(ExtensibilityGlobals) = postSolution
		SolutionGuid = {A7CCD957-5D3A-466F-BD06-A4735C52E916}
	EndGlobalSection
EndGlobal
