
Microsoft Visual Studio Solution File, Format Version 12.00
# Visual Studio Version 17
VisualStudioVersion = 17.8.34330.188
MinimumVisualStudioVersion = 10.0.40219.1
Project("{FAE04EC0-301F-11D3-BF4B-00C04F79EFBC}") = "CorrectBlocksNC", "BlockStandardNC\CorrectBlocksNC.csproj", "{045A02B6-25B6-4CB9-A82D-962632A33D83}"
EndProject
Project("{FAE04EC0-301F-11D3-BF4B-00C04F79EFBC}") = "CorrectBlocksAC_2018", "BlockStandardAC\CorrectBlocksAC_2018.csproj", "{6639C2D0-E869-47E6-892D-0ECB5D422549}"
EndProject
Project("{9A19103F-16F7-4668-BE54-9A1E7A4F7556}") = "CorrectBlocksNC.NET", "Tools23\CorrectBlocksNC.NET.csproj", "{51441ABC-7A16-455B-9B81-676D1BD10125}"
EndProject
Global
	GlobalSection(SolutionConfigurationPlatforms) = preSolution
		Debug|Any CPU = Debug|Any CPU
		Release|Any CPU = Release|Any CPU
	EndGlobalSection
	GlobalSection(ProjectConfigurationPlatforms) = postSolution
		{045A02B6-25B6-4CB9-A82D-962632A33D83}.Debug|Any CPU.ActiveCfg = Debug|Any CPU
		{045A02B6-25B6-4CB9-A82D-962632A33D83}.Debug|Any CPU.Build.0 = Debug|Any CPU
		{045A02B6-25B6-4CB9-A82D-962632A33D83}.Release|Any CPU.ActiveCfg = Release|Any CPU
		{045A02B6-25B6-4CB9-A82D-962632A33D83}.Release|Any CPU.Build.0 = Release|Any CPU
		{6639C2D0-E869-47E6-892D-0ECB5D422549}.Debug|Any CPU.ActiveCfg = Debug|Any CPU
		{6639C2D0-E869-47E6-892D-0ECB5D422549}.Debug|Any CPU.Build.0 = Debug|Any CPU
		{6639C2D0-E869-47E6-892D-0ECB5D422549}.Release|Any CPU.ActiveCfg = Release|Any CPU
		{6639C2D0-E869-47E6-892D-0ECB5D422549}.Release|Any CPU.Build.0 = Release|Any CPU
		{51441ABC-7A16-455B-9B81-676D1BD10125}.Debug|Any CPU.ActiveCfg = Debug|Any CPU
		{51441ABC-7A16-455B-9B81-676D1BD10125}.Debug|Any CPU.Build.0 = Debug|Any CPU
		{51441ABC-7A16-455B-9B81-676D1BD10125}.Release|Any CPU.ActiveCfg = Release|Any CPU
		{51441ABC-7A16-455B-9B81-676D1BD10125}.Release|Any CPU.Build.0 = Release|Any CPU
	EndGlobalSection
	GlobalSection(SolutionProperties) = preSolution
		HideSolutionNode = FALSE
	EndGlobalSection
	GlobalSection(ExtensibilityGlobals) = postSolution
		SolutionGuid = {A7CCD957-5D3A-466F-BD06-A4735C52E916}
	EndGlobalSection
EndGlobal
